{
  "requires": true,
  "lockfileVersion": 1,
  "dependencies": {
    "hls.js": {
      "version": "1.5.15",
      "resolved": "https://registry.npmjs.org/hls.js/-/hls.js-1.5.15.tgz",
      "integrity": "sha512-6cD7xN6bycBHaXz2WyPIaHn/iXFizE5au2yvY5q9aC4wfihxAr16C9fUy4nxh2a3wOw0fEgLRa9dN6wsYjlpNg=="
    }
  }
}
