{
  "name": "cocos_hls_video",
  "version": "1.0.0",
  "lockfileVersion": 3,
  "requires": true,
  "packages": {
    "": {
      "name": "cocos_hls_video",
      "version": "1.0.0",
      "license": "ISC",
      "dependencies": {
        "hls.js": "^1.5.20"
      }
    },
    "node_modules/hls.js": {
      "version": "1.6.1",
      "resolved": "https://registry.npmjs.org/hls.js/-/hls.js-1.6.1.tgz",
      "integrity": "sha512-7GOkcqn0Y9EqU2OJZlzkwxj9Uynuln7URvr7dRjgqNJNZ5UbbjL/v1BjAvQogy57Psdd/ek1u2s6IDEFYlabrA==",
      "license": "Apache-2.0"
    }
  }
}
