{
  "name": "cocos_hls_video",
  "version": "1.0.0",
  "lockfileVersion": 3,
  "requires": true,
  "packages": {
    "": {
      "name": "cocos_hls_video",
      "version": "1.0.0",
      "license": "ISC",
      "dependencies": {
        "hls.js": "^1.5.20"
      }
    },
    "node_modules/hls.js": {
      "version": "1.5.20",
      "resolved": "https://registry.npmjs.org/hls.js/-/hls.js-1.5.20.tgz",
      "integrity": "sha512-uu0VXUK52JhihhnN/MVVo1lvqNNuhoxkonqgO3IpjvQiGpJBdIXMGkofjQb/j9zvV7a1SW8U9g1FslWx/1HOiQ==",
      "license": "Apache-2.0"
    }
  }
}
